<?xml version="1.0" encoding="utf-8"?>
<Project ToolsVersion="4.0" xmlns="http://schemas.microsoft.com/developer/msbuild/2003">
  <ItemGroup>
    <Filter Include="源文件">
      <UniqueIdentifier>{4FC737F1-C7A5-4376-A066-2A32D752A2FF}</UniqueIdentifier>
      <Extensions>cpp;c;cc;cxx;def;odl;idl;hpj;bat;asm;asmx</Extensions>
    </Filter>
    <Filter Include="头文件">
      <UniqueIdentifier>{93995380-89BD-4b04-88EB-625FBE52EBFB}</UniqueIdentifier>
      <Extensions>h;hpp;hxx;hm;inl;inc;xsd</Extensions>
    </Filter>
    <Filter Include="资源文件">
      <UniqueIdentifier>{67DA6AB6-F800-4c08-8B7A-83BB121AAD01}</UniqueIdentifier>
      <Extensions>rc;ico;cur;bmp;dlg;rc2;rct;bin;rgs;gif;jpg;jpeg;jpe;resx;tiff;tif;png;wav;mfcribbon-ms</Extensions>
    </Filter>
  </ItemGroup>
  <ItemGroup>
    <Text Include="ReadMe.txt" />
  </ItemGroup>
  <ItemGroup>
    <ClInclude Include="stdafx.h">
      <Filter>头文件</Filter>
    </ClInclude>
    <ClInclude Include="targetver.h">
      <Filter>头文件</Filter>
    </ClInclude>
    <ClInclude Include="uk_co_real_logic_sbe_ir_generated\ByteOrderCodec.hpp">
      <Filter>头文件</Filter>
    </ClInclude>
    <ClInclude Include="uk_co_real_logic_sbe_ir_generated\FrameCodec.hpp">
      <Filter>头文件</Filter>
    </ClInclude>
    <ClInclude Include="uk_co_real_logic_sbe_ir_generated\MessageHeader.hpp">
      <Filter>头文件</Filter>
    </ClInclude>
    <ClInclude Include="uk_co_real_logic_sbe_ir_generated\PresenceCodec.hpp">
      <Filter>头文件</Filter>
    </ClInclude>
    <ClInclude Include="uk_co_real_logic_sbe_ir_generated\PrimitiveTypeCodec.hpp">
      <Filter>头文件</Filter>
    </ClInclude>
    <ClInclude Include="uk_co_real_logic_sbe_ir_generated\SignalCodec.hpp">
      <Filter>头文件</Filter>
    </ClInclude>
    <ClInclude Include="uk_co_real_logic_sbe_ir_generated\TokenCodec.hpp">
      <Filter>头文件</Filter>
    </ClInclude>
    <ClInclude Include="uk_co_real_logic_sbe_ir_generated\VarDataEncoding.hpp">
      <Filter>头文件</Filter>
    </ClInclude>
    <ClInclude Include="sbe\sbe.hpp">
      <Filter>头文件</Filter>
    </ClInclude>
    <ClInclude Include="otf_api\Field.h">
      <Filter>头文件</Filter>
    </ClInclude>
    <ClInclude Include="otf_api\Group.h">
      <Filter>头文件</Filter>
    </ClInclude>
    <ClInclude Include="otf_api\Ir.h">
      <Filter>头文件</Filter>
    </ClInclude>
    <ClInclude Include="otf_api\IrCollection.h">
      <Filter>头文件</Filter>
    </ClInclude>
    <ClInclude Include="otf_api\Listener.h">
      <Filter>头文件</Filter>
    </ClInclude>
    <ClInclude Include="otf_api\OnCompleted.h">
      <Filter>头文件</Filter>
    </ClInclude>
    <ClInclude Include="otf_api\OnError.h">
      <Filter>头文件</Filter>
    </ClInclude>
    <ClInclude Include="otf_api\OnNext.h">
      <Filter>头文件</Filter>
    </ClInclude>
  </ItemGroup>
  <ItemGroup>
    <ClCompile Include="stdafx.cpp">
      <Filter>源文件</Filter>
    </ClCompile>
    <ClCompile Include="otf_api\Ir.cpp">
      <Filter>源文件</Filter>
    </ClCompile>
    <ClCompile Include="otf_api\Listener.cpp">
      <Filter>源文件</Filter>
    </ClCompile>
  </ItemGroup>
</Project>